// !$*UTF8*$!
{
	archiveVersion = 1;
	classes = {
	};
	objectVersion = 48;
	objects = {

/* Begin PBXBuildFile section */
		537DCAD51FE6D62B002C86E8 /* AppDelegate.swift in Sources */ = {isa = PBXBuildFile; fileRef = 537DCAD41FE6D62B002C86E8 /* AppDelegate.swift */; };
		537DCAD71FE6D62B002C86E8 /* ViewController.swift in Sources */ = {isa = PBXBuildFile; fileRef = 537DCAD61FE6D62B002C86E8 /* ViewController.swift */; };
		537DCADA1FE6D62B002C86E8 /* Main.storyboard in Resources */ = {isa = PBXBuildFile; fileRef = 537DCAD81FE6D62B002C86E8 /* Main.storyboard */; };
		537DCADC1FE6D62C002C86E8 /* Assets.xcassets in Resources */ = {isa = PBXBuildFile; fileRef = 537DCADB1FE6D62C002C86E8 /* Assets.xcassets */; };
		537DCADF1FE6D62C002C86E8 /* LaunchScreen.storyboard in Resources */ = {isa = PBXBuildFile; fileRef = 537DCADD1FE6D62C002C86E8 /* LaunchScreen.storyboard */; };
/* End PBXBuildFile section */

/* Begin PBXFileReference section */
		537DCAD11FE6D62B002C86E8 /* ZenToDoList.app */ = {isa = PBXFileReference; explicitFileType = wrapper.application; includeInIndex = 0; path = ZenToDoList.app; sourceTree = BUILT_PRODUCTS_DIR; };
		537DCAD41FE6D62B002C86E8 /* AppDelegate.swift */ = {isa = PBXFileReference; lastKnownFileType = sourcecode.swift; path = AppDelegate.swift; sourceTree = "<group>"; };
		537DCAD61FE6D62B002C86E8 /* ViewController.swift */ = {isa = PBXFileReference; lastKnownFileType = sourcecode.swift; path = ViewController.swift; sourceTree = "<group>"; };
		537DCAD91FE6D62B002C86E8 /* Base */ = {isa = PBXFileReference; lastKnownFileType = file.storyboard; name = Base; path = Base.lproj/Main.storyboard; sourceTree = "<group>"; };
		537DCADB1FE6D62C002C86E8 /* Assets.xcassets */ = {isa = PBXFileReference; lastKnownFileType = folder.assetcatalog; path = Assets.xcassets; sourceTree = "<group>"; };
		537DCADE1FE6D62C002C86E8 /* Base */ = {isa = PBXFileReference; lastKnownFileType = file.storyboard; name = Base; path = Base.lproj/LaunchScreen.storyboard; sourceTree = "<group>"; };
		537DCAE01FE6D62C002C86E8 /* Info.plist */ = {isa = PBXFileReference; lastKnownFileType = text.plist.xml; path = Info.plist; sourceTree = "<group>"; };
/* End PBXFileReference section */

/* Begin PBXFrameworksBuildPhase section */
		537DCACE1FE6D62B002C86E8 /* Frameworks */ = {
			isa = PBXFrameworksBuildPhase;
			buildActionMask = 2147483647;
			files = (
			);
			runOnlyForDeploymentPostprocessing = 0;
		};
/* End PBXFrameworksBuildPhase section */

/* Begin PBXGroup section */
		537DCAC81FE6D62B002C86E8 = {
			isa = PBXGroup;
			children = (
				537DCAD31FE6D62B002C86E8 /* ZenToDoList */,
				537DCAD21FE6D62B002C86E8 /* Products */,
			);
			sourceTree = "<group>";
		};
		537DCAD21FE6D62B002C86E8 /* Products */ = {
			isa = PBXGroup;
			children = (
				537DCAD11FE6D62B002C86E8 /* ZenToDoList.app */,
			);
			name = Products;
			sourceTree = "<group>";
		};
		537DCAD31FE6D62B002C86E8 /* ZenToDoList */ = {
			isa = PBXGroup;
			children = (
				537DCAD41FE6D62B002C86E8 /* AppDelegate.swift */,
				537DCAD61FE6D62B002C86E8 /* ViewController.swift */,
				537DCAD81FE6D62B002C86E8 /* Main.storyboard */,
				537DCADB1FE6D62C002C86E8 /* Assets.xcassets */,
				537DCADD1FE6D62C002C86E8 /* LaunchScreen.storyboard */,
				537DCAE01FE6D62C002C86E8 /* Info.plist */,
			);
			path = ZenToDoList;
			sourceTree = "<group>";
		};
/* End PBXGroup section */

/* Begin PBXNativeTarget section */
		537DCAD01FE6D62B002C86E8 /* ZenToDoList */ = {
			isa = PBXNativeTarget;
			buildConfigurationList = 537DCAE31FE6D62C002C86E8 /* Build configuration list for PBXNativeTarget "ZenToDoList" */;
			buildPhases = (
				537DCACD1FE6D62B002C86E8 /* Sources */,
				537DCACE1FE6D62B002C86E8 /* Frameworks */,
				537DCACF1FE6D62B002C86E8 /* Resources */,
			);
			buildRules = (
			);
			dependencies = (
			);
			name = ZenToDoList;
			productName = ZenToDoList;
			productReference = 537DCAD11FE6D62B002C86E8 /* ZenToDoList.app */;
			productType = "com.apple.product-type.application";
		};
/* End PBXNativeTarget section */

/* Begin PBXProject section */
		537DCAC91FE6D62B002C86E8 /* Project object */ = {
			isa = PBXProject;
			attributes = {
				LastSwiftUpdateCheck = 0920;
				LastUpgradeCheck = 0920;
				ORGANIZATIONNAME = "joao gouveia";
				TargetAttributes = {
					537DCAD01FE6D62B002C86E8 = {
						CreatedOnToolsVersion = 9.2;
						ProvisioningStyle = Automatic;
					};
				};
			};
			buildConfigurationList = 537DCACC1FE6D62B002C86E8 /* Build configuration list for PBXProject "ZenToDoList" */;
			compatibilityVersion = "Xcode 8.0";
			developmentRegion = en;
			hasScannedForEncodings = 0;
			knownRegions = (
				en,
				Base,
			);
			mainGroup = 537DCAC81FE6D62B002C86E8;
			productRefGroup = 537DCAD21FE6D62B002C86E8 /* Products */;
			projectDirPath = "";
			projectRoot = "";
			targets = (
				537DCAD01FE6D62B002C86E8 /* ZenToDoList */,
			);
		};
/* End PBXProject section */

/* Begin PBXResourcesBuildPhase section */
		537DCACF1FE6D62B002C86E8 /* Resources */ = {
			isa = PBXResourcesBuildPhase;
			buildActionMask = 2147483647;
			files = (
				537DCADF1FE6D62C002C86E8 /* LaunchScreen.storyboard in Resources */,
				537DCADC1FE6D62C002C86E8 /* Assets.xcassets in Resources */,
				537DCADA1FE6D62B002C86E8 /* Main.storyboard in Resources */,
			);
			runOnlyForDeploymentPostprocessing = 0;
		};
/* End PBXResourcesBuildPhase section */

/* Begin PBXSourcesBuildPhase section */
		537DCACD1FE6D62B002C86E8 /* Sources */ = {
			isa = PBXSourcesBuildPhase;
			buildActionMask = 2147483647;
			files = (
				537DCAD71FE6D62B002C86E8 /* ViewController.swift in Sources */,
				537DCAD51FE6D62B002C86E8 /* AppDelegate.swift in Sources */,
			);
			runOnlyForDeploymentPostprocessing = 0;
		};
/* End PBXSourcesBuildPhase section */

/* Begin PBXVariantGroup section */
		537DCAD81FE6D62B002C86E8 /* Main.storyboard */ = {
			isa = PBXVariantGroup;
			children = (
				537DCAD91FE6D62B002C86E8 /* Base */,
			);
			name = Main.storyboard;
			sourceTree = "<group>";
		};
		537DCADD1FE6D62C002C86E8 /* LaunchScreen.storyboard */ = {
			isa = PBXVariantGroup;
			children = (
				537DCADE1FE6D62C002C86E8 /* Base */,
			);
			name = LaunchScreen.storyboard;
			sourceTree = "<group>";
		};
/* End PBXVariantGroup section */

/* Begin XCBuildConfiguration section */
		537DCAE11FE6D62C002C86E8 /* Debug */ = {
			isa = XCBuildConfiguration;
			buildSettings = {
				ALWAYS_SEARCH_USER_PATHS = NO;
				CLANG_ANALYZER_NONNULL = YES;
				CLANG_ANALYZER_NUMBER_OBJECT_CONVERSION = YES_AGGRESSIVE;
				CLANG_CXX_LANGUAGE_STANDARD = "gnu++14";
				CLANG_CXX_LIBRARY = "libc++";
				CLANG_ENABLE_MODULES = YES;
				CLANG_ENABLE_OBJC_ARC = YES;
				CLANG_WARN_BLOCK_CAPTURE_AUTORELEASING = YES;
				CLANG_WARN_BOOL_CONVERSION = YES;
				CLANG_WARN_COMMA = YES;
				CLANG_WARN_CONSTANT_CONVERSION = YES;
				CLANG_WARN_DIRECT_OBJC_ISA_USAGE = YES_ERROR;
				CLANG_WARN_DOCUMENTATION_COMMENTS = YES;
				CLANG_WARN_EMPTY_BODY = YES;
				CLANG_WARN_ENUM_CONVERSION = YES;
				CLANG_WARN_INFINITE_RECURSION = YES;
				CLANG_WARN_INT_CONVERSION = YES;
				CLANG_WARN_NON_LITERAL_NULL_CONVERSION = YES;
				CLANG_WARN_OBJC_LITERAL_CONVERSION = YES;
				CLANG_WARN_OBJC_ROOT_CLASS = YES_ERROR;
				CLANG_WARN_RANGE_LOOP_ANALYSIS = YES;
				CLANG_WARN_STRICT_PROTOTYPES = YES;
				CLANG_WARN_SUSPICIOUS_MOVE = YES;
				CLANG_WARN_UNGUARDED_AVAILABILITY = YES_AGGRESSIVE;
				CLANG_WARN_UNREACHABLE_CODE = YES;
				CLANG_WARN__DUPLICATE_METHOD_MATCH = YES;
				CODE_SIGN_IDENTITY = "iPhone Developer";
				COPY_PHASE_STRIP = NO;
				DEBUG_INFORMATION_FORMAT = dwarf;
				ENABLE_STRICT_OBJC_MSGSEND = YES;
				ENABLE_TESTABILITY = YES;
				GCC_C_LANGUAGE_STANDARD = gnu11;
				GCC_DYNAMIC_NO_PIC = NO;
				GCC_NO_COMMON_BLOCKS = YES;
				GCC_OPTIMIZATION_LEVEL = 0;
				GCC_PREPROCESSOR_DEFINITIONS = (
					"DEBUG=1",
					"$(inherited)",
				);
				GCC_WARN_64_TO_32_BIT_CONVERSION = YES;
				GCC_WARN_ABOUT_RETURN_TYPE = YES_ERROR;
				GCC_WARN_UNDECLARED_SELECTOR = YES;
				GCC_WARN_UNINITIALIZED_AUTOS = YES_AGGRESSIVE;
				GCC_WARN_UNUSED_FUNCTION = YES;
				GCC_WARN_UNUSED_VARIABLE = YES;
				IPHONEOS_DEPLOYMENT_TARGET = 11.2;
				MTL_ENABLE_DEBUG_INFO = YES;
				ONLY_ACTIVE_ARCH = YES;
				SDKROOT = iphoneos;
				SWIFT_ACTIVE_COMPILATION_CONDITIONS = DEBUG;
				SWIFT_OPTIMIZATION_LEVEL = "-Onone";
			};
			name = Debug;
		};
		537DCAE21FE6D62C002C86E8 /* Release */ = {
			isa = XCBuildConfiguration;
			buildSettings = {
				ALWAYS_SEARCH_USER_PATHS = NO;
				CLANG_ANALYZER_NONNULL = YES;
				CLANG_ANALYZER_NUMBER_OBJECT_CONVERSION = YES_AGGRESSIVE;
				CLANG_CXX_LANGUAGE_STANDARD = "gnu++14";
				CLANG_CXX_LIBRARY = "libc++";
				CLANG_ENABLE_MODULES = YES;
				CLANG_ENABLE_OBJC_ARC = YES;
				CLANG_WARN_BLOCK_CAPTURE_AUTORELEASING = YES;
				CLANG_WARN_BOOL_CONVERSION = YES;
				CLANG_WARN_COMMA = YES;
				CLANG_WARN_CONSTANT_CONVERSION = YES;
				CLANG_WARN_DIRECT_OBJC_ISA_USAGE = YES_ERROR;
				CLANG_WARN_DOCUMENTATION_COMMENTS = YES;
				CLANG_WARN_EMPTY_BODY = YES;
				CLANG_WARN_ENUM_CONVERSION = YES;
				CLANG_WARN_INFINITE_RECURSION = YES;
				CLANG_WARN_INT_CONVERSION = YES;
				CLANG_WARN_NON_LITERAL_NULL_CONVERSION = YES;
				CLANG_WARN_OBJC_LITERAL_CONVERSION = YES;
				CLANG_WARN_OBJC_ROOT_CLASS = YES_ERROR;
				CLANG_WARN_RANGE_LOOP_ANALYSIS = YES;
				CLANG_WARN_STRICT_PROTOTYPES = YES;
				CLANG_WARN_SUSPICIOUS_MOVE = YES;
				CLANG_WARN_UNGUARDED_AVAILABILITY = YES_AGGRESSIVE;
				CLANG_WARN_UNREACHABLE_CODE = YES;
				CLANG_WARN__DUPLICATE_METHOD_MATCH = YES;
				CODE_SIGN_IDENTITY = "iPhone Developer";
				COPY_PHASE_STRIP = NO;
				DEBUG_INFORMATION_FORMAT = "dwarf-with-dsym";
				ENABLE_NS_ASSERTIONS = NO;
				ENABLE_STRICT_OBJC_MSGSEND = YES;
				GCC_C_LANGUAGE_STANDARD = gnu11;
				GCC_NO_COMMON_BLOCKS = YES;
				GCC_WARN_64_TO_32_BIT_CONVERSION = YES;
				GCC_WARN_ABOUT_RETURN_TYPE = YES_ERROR;
				GCC_WARN_UNDECLARED_SELECTOR = YES;
				GCC_WARN_UNINITIALIZED_AUTOS = YES_AGGRESSIVE;
				GCC_WARN_UNUSED_FUNCTION = YES;
				GCC_WARN_UNUSED_VARIABLE = YES;
				IPHONEOS_DEPLOYMENT_TARGET = 11.2;
				MTL_ENABLE_DEBUG_INFO = NO;
				SDKROOT = iphoneos;
				SWIFT_OPTIMIZATION_LEVEL = "-Owholemodule";
				VALIDATE_PRODUCT = YES;
			};
			name = Release;
		};
		537DCAE41FE6D62C002C86E8 /* Debug */ = {
			isa = XCBuildConfiguration;
			buildSettings = {
				ASSETCATALOG_COMPILER_APPICON_NAME = AppIcon;
				CODE_SIGN_STYLE = Automatic;
				DEVELOPMENT_TEAM = Z55333Z85E;
				INFOPLIST_FILE = ZenToDoList/Info.plist;
				LD_RUNPATH_SEARCH_PATHS = "$(inherited) @executable_path/Frameworks";
				PRODUCT_BUNDLE_IDENTIFIER = com.joaogouveia.ZenToDoList.ZenToDoList;
				PRODUCT_NAME = "$(TARGET_NAME)";
				SWIFT_VERSION = 4.0;
				TARGETED_DEVICE_FAMILY = "1,2";
			};
			name = Debug;
		};
		537DCAE51FE6D62C002C86E8 /* Release */ = {
			isa = XCBuildConfiguration;
			buildSettings = {
				ASSETCATALOG_COMPILER_APPICON_NAME = AppIcon;
				CODE_SIGN_STYLE = Automatic;
				DEVELOPMENT_TEAM = Z55333Z85E;
				INFOPLIST_FILE = ZenToDoList/Info.plist;
				LD_RUNPATH_SEARCH_PATHS = "$(inherited) @executable_path/Frameworks";
				PRODUCT_BUNDLE_IDENTIFIER = com.joaogouveia.ZenToDoList.ZenToDoList;
				PRODUCT_NAME = "$(TARGET_NAME)";
				SWIFT_VERSION = 4.0;
				TARGETED_DEVICE_FAMILY = "1,2";
			};
			name = Release;
		};
/* End XCBuildConfiguration section */

/* Begin XCConfigurationList section */
		537DCACC1FE6D62B002C86E8 /* Build configuration list for PBXProject "ZenToDoList" */ = {
			isa = XCConfigurationList;
			buildConfigurations = (
				537DCAE11FE6D62C002C86E8 /* Debug */,
				537DCAE21FE6D62C002C86E8 /* Release */,
			);
			defaultConfigurationIsVisible = 0;
			defaultConfigurationName = Release;
		};
		537DCAE31FE6D62C002C86E8 /* Build configuration list for PBXNativeTarget "ZenToDoList" */ = {
			isa = XCConfigurationList;
			buildConfigurations = (
				537DCAE41FE6D62C002C86E8 /* Debug */,
				537DCAE51FE6D62C002C86E8 /* Release */,
			);
			defaultConfigurationIsVisible = 0;
			defaultConfigurationName = Release;
		};
/* End XCConfigurationList section */
	};
	rootObject = 537DCAC91FE6D62B002C86E8 /* Project object */;
}
